
Microsoft Visual Studio Solution File, Format Version 12.00
# Visual Studio Version 17
VisualStudioVersion = 17.4.33213.308
MinimumVisualStudioVersion = 10.0.40219.1
Project("{FAE04EC0-301F-11D3-BF4B-00C04F79EFBC}") = "Actividad1U1", "Actividad1U1\Actividad1U1.csproj", "{504C54DC-765E-4D9B-B6FE-A99202ECBB99}"
EndProject
Global
	GlobalSection(SolutionConfigurationPlatforms) = preSolution
		Debug|Any CPU = Debug|Any CPU
		Release|Any CPU = Release|Any CPU
	EndGlobalSection
	GlobalSection(ProjectConfigurationPlatforms) = postSolution
		{504C54DC-765E-4D9B-B6FE-A99202ECBB99}.Debug|Any CPU.ActiveCfg = Debug|Any CPU
		{504C54DC-765E-4D9B-B6FE-A99202ECBB99}.Debug|Any CPU.Build.0 = Debug|Any CPU
		{504C54DC-765E-4D9B-B6FE-A99202ECBB99}.Release|Any CPU.ActiveCfg = Release|Any CPU
		{504C54DC-765E-4D9B-B6FE-A99202ECBB99}.Release|Any CPU.Build.0 = Release|Any CPU
	EndGlobalSection
	GlobalSection(SolutionProperties) = preSolution
		HideSolutionNode = FALSE
	EndGlobalSection
	GlobalSection(ExtensibilityGlobals) = postSolution
		SolutionGuid = {02CD9F01-60F3-4542-A43B-311EC5CA946B}
	EndGlobalSection
EndGlobal
